// !$*UTF8*$!
{
	archiveVersion = 1;
	classes = {
	};
	objectVersion = 56;
	objects = {

/* Begin PBXBuildFile section */
		4906119829104B59007E5945 /* Images.swift in Sources */ = {isa = PBXBuildFile; fileRef = 4906119729104B59007E5945 /* Images.swift */; };
		490611A029118A5C007E5945 /* HapticFeedback.swift in Sources */ = {isa = PBXBuildFile; fileRef = 4906119F29118A5B007E5945 /* HapticFeedback.swift */; };
		490611A229119272007E5945 /* Coordinator.swift in Sources */ = {isa = PBXBuildFile; fileRef = 490611A129119272007E5945 /* Coordinator.swift */; };
		490611A729119ACB007E5945 /* BuildsViewModel.swift in Sources */ = {isa = PBXBuildFile; fileRef = 490611A629119ACB007E5945 /* BuildsViewModel.swift */; };
		490611AB2911ADE2007E5945 /* RootCoordinator.swift in Sources */ = {isa = PBXBuildFile; fileRef = 490611AA2911ADE2007E5945 /* RootCoordinator.swift */; };
		490611AE2911AE1A007E5945 /* RootCoordinatorView.swift in Sources */ = {isa = PBXBuildFile; fileRef = 490611AD2911AE1A007E5945 /* RootCoordinatorView.swift */; };
		490611B02911B019007E5945 /* BuildsCoordinator.swift in Sources */ = {isa = PBXBuildFile; fileRef = 490611AF2911B019007E5945 /* BuildsCoordinator.swift */; };
		490611B22911B029007E5945 /* ComponentsCoordinator.swift in Sources */ = {isa = PBXBuildFile; fileRef = 490611B12911B029007E5945 /* ComponentsCoordinator.swift */; };
		490611B42911B049007E5945 /* CommandCenterCoordinator.swift in Sources */ = {isa = PBXBuildFile; fileRef = 490611B32911B049007E5945 /* CommandCenterCoordinator.swift */; };
		490611B62911B055007E5945 /* ExploreCoordinator.swift in Sources */ = {isa = PBXBuildFile; fileRef = 490611B52911B055007E5945 /* ExploreCoordinator.swift */; };
		490611B82911B066007E5945 /* InboxCoordinator.swift in Sources */ = {isa = PBXBuildFile; fileRef = 490611B72911B066007E5945 /* InboxCoordinator.swift */; };
		490611BF2911B162007E5945 /* BuildsView.swift in Sources */ = {isa = PBXBuildFile; fileRef = 490611BE2911B162007E5945 /* BuildsView.swift */; };
		490611C12911B448007E5945 /* ExploreViewModel.swift in Sources */ = {isa = PBXBuildFile; fileRef = 490611C02911B448007E5945 /* ExploreViewModel.swift */; };
		490611C32911B459007E5945 /* CommandCenterViewModel.swift in Sources */ = {isa = PBXBuildFile; fileRef = 490611C22911B459007E5945 /* CommandCenterViewModel.swift */; };
		490611C52911B5C5007E5945 /* InboxViewModel.swift in Sources */ = {isa = PBXBuildFile; fileRef = 490611C42911B5C5007E5945 /* InboxViewModel.swift */; };
		490611C92911B5FD007E5945 /* InboxView.swift in Sources */ = {isa = PBXBuildFile; fileRef = 490611C82911B5FD007E5945 /* InboxView.swift */; };
		490611CB2911B615007E5945 /* CommandCenterView.swift in Sources */ = {isa = PBXBuildFile; fileRef = 490611CA2911B615007E5945 /* CommandCenterView.swift */; };
		490611CD2911B622007E5945 /* ExploreView.swift in Sources */ = {isa = PBXBuildFile; fileRef = 490611CC2911B622007E5945 /* ExploreView.swift */; };
		490611D22911B672007E5945 /* ComponentsViewModel.swift in Sources */ = {isa = PBXBuildFile; fileRef = 490611D12911B672007E5945 /* ComponentsViewModel.swift */; };
		490611D42911B685007E5945 /* ComponentsView.swift in Sources */ = {isa = PBXBuildFile; fileRef = 490611D32911B685007E5945 /* ComponentsView.swift */; };
		490611E32911BD8A007E5945 /* RoundedRectangularCTA.swift in Sources */ = {isa = PBXBuildFile; fileRef = 490611E22911BD8A007E5945 /* RoundedRectangularCTA.swift */; };
		490611E82911C9FA007E5945 /* ButtonStyles.swift in Sources */ = {isa = PBXBuildFile; fileRef = 490611E72911C9FA007E5945 /* ButtonStyles.swift */; };
		4924AA2F2915804600108D44 /* TabbarSelector.swift in Sources */ = {isa = PBXBuildFile; fileRef = 4924AA2E2915804600108D44 /* TabbarSelector.swift */; };
		4924AA3329158F6600108D44 /* ArrowButton.swift in Sources */ = {isa = PBXBuildFile; fileRef = 4924AA3229158F6600108D44 /* ArrowButton.swift */; };
		4924AA362916319700108D44 /* BorderedTextSection.swift in Sources */ = {isa = PBXBuildFile; fileRef = 4924AA352916319700108D44 /* BorderedTextSection.swift */; };
		49B221BB290B902E00BF7B26 /* FloatingTabbar.swift in Sources */ = {isa = PBXBuildFile; fileRef = 49B221BA290B902E00BF7B26 /* FloatingTabbar.swift */; };
		49B221BE290B982300BF7B26 /* Colors.swift in Sources */ = {isa = PBXBuildFile; fileRef = 49B221BD290B982300BF7B26 /* Colors.swift */; };
		49B221C1290BA8C000BF7B26 /* ResourcesTests.swift in Sources */ = {isa = PBXBuildFile; fileRef = 49B221C0290BA8C000BF7B26 /* ResourcesTests.swift */; };
		49B221C4290BB12B00BF7B26 /* InspecTests.swift in Sources */ = {isa = PBXBuildFile; fileRef = 49B221C3290BB12B00BF7B26 /* InspecTests.swift */; };
		49B221C9290BB14E00BF7B26 /* InspecUITests.swift in Sources */ = {isa = PBXBuildFile; fileRef = 49B221C6290BB13D00BF7B26 /* InspecUITests.swift */; };
		49B221CA290BB15100BF7B26 /* InspecUITestsLaunchTests.swift in Sources */ = {isa = PBXBuildFile; fileRef = 49B221C5290BB13C00BF7B26 /* InspecUITestsLaunchTests.swift */; };
		49B221CF290CA31600BF7B26 /* Fonts.swift in Sources */ = {isa = PBXBuildFile; fileRef = 49B221CE290CA31600BF7B26 /* Fonts.swift */; };
		49B221D1290D01B900BF7B26 /* Colors.xcassets in Resources */ = {isa = PBXBuildFile; fileRef = 49B221D0290D01B900BF7B26 /* Colors.xcassets */; };
		49B221D6290D076900BF7B26 /* Tabs.swift in Sources */ = {isa = PBXBuildFile; fileRef = 49B221D5290D076900BF7B26 /* Tabs.swift */; };
		49B221DC290D097D00BF7B26 /* LocalizedStrings.swift in Sources */ = {isa = PBXBuildFile; fileRef = 49B221DB290D097D00BF7B26 /* LocalizedStrings.swift */; };
		49B221E0290D0A9400BF7B26 /* StringExtensions.swift in Sources */ = {isa = PBXBuildFile; fileRef = 49B221DF290D0A9400BF7B26 /* StringExtensions.swift */; };
		49B221E5290D1BFA00BF7B26 /* Localizable.strings in Resources */ = {isa = PBXBuildFile; fileRef = 49B221E4290D1BFA00BF7B26 /* Localizable.strings */; };
		49B221EF290DD01C00BF7B26 /* ViewExtensions.swift in Sources */ = {isa = PBXBuildFile; fileRef = 49B221EE290DD01C00BF7B26 /* ViewExtensions.swift */; };
		49C262A32900B79E00532DF7 /* InspecApp.swift in Sources */ = {isa = PBXBuildFile; fileRef = 49C262A22900B79E00532DF7 /* InspecApp.swift */; };
		49C262A52900B79E00532DF7 /* ContentView.swift in Sources */ = {isa = PBXBuildFile; fileRef = 49C262A42900B79E00532DF7 /* ContentView.swift */; };
		49C262A72900B7A100532DF7 /* Images.xcassets in Resources */ = {isa = PBXBuildFile; fileRef = 49C262A62900B7A100532DF7 /* Images.xcassets */; };
		49C262AA2900B7A100532DF7 /* Preview Assets.xcassets in Resources */ = {isa = PBXBuildFile; fileRef = 49C262A92900B7A100532DF7 /* Preview Assets.xcassets */; };
		49C262AC2900B7A100532DF7 /* Persistence.swift in Sources */ = {isa = PBXBuildFile; fileRef = 49C262AB2900B7A100532DF7 /* Persistence.swift */; };
		49C262AF2900B7A100532DF7 /* Inspec.xcdatamodeld in Sources */ = {isa = PBXBuildFile; fileRef = 49C262AD2900B7A100532DF7 /* Inspec.xcdatamodeld */; };
/* End PBXBuildFile section */

/* Begin PBXContainerItemProxy section */
		49C262B52900B7A100532DF7 /* PBXContainerItemProxy */ = {
			isa = PBXContainerItemProxy;
			containerPortal = 49C262972900B79E00532DF7 /* Project object */;
			proxyType = 1;
			remoteGlobalIDString = 49C2629E2900B79E00532DF7;
			remoteInfo = Inspec;
		};
		49C262BF2900B7A100532DF7 /* PBXContainerItemProxy */ = {
			isa = PBXContainerItemProxy;
			containerPortal = 49C262972900B79E00532DF7 /* Project object */;
			proxyType = 1;
			remoteGlobalIDString = 49C2629E2900B79E00532DF7;
			remoteInfo = Inspec;
		};
/* End PBXContainerItemProxy section */

/* Begin PBXFileReference section */
		4906119729104B59007E5945 /* Images.swift */ = {isa = PBXFileReference; lastKnownFileType = sourcecode.swift; path = Images.swift; sourceTree = "<group>"; };
		490611992910D33D007E5945 /* Info.plist */ = {isa = PBXFileReference; lastKnownFileType = text.plist.xml; path = Info.plist; sourceTree = "<group>"; };
		4906119F29118A5B007E5945 /* HapticFeedback.swift */ = {isa = PBXFileReference; lastKnownFileType = sourcecode.swift; path = HapticFeedback.swift; sourceTree = "<group>"; };
		490611A129119272007E5945 /* Coordinator.swift */ = {isa = PBXFileReference; lastKnownFileType = sourcecode.swift; path = Coordinator.swift; sourceTree = "<group>"; };
		490611A629119ACB007E5945 /* BuildsViewModel.swift */ = {isa = PBXFileReference; lastKnownFileType = sourcecode.swift; path = BuildsViewModel.swift; sourceTree = "<group>"; };
		490611AA2911ADE2007E5945 /* RootCoordinator.swift */ = {isa = PBXFileReference; lastKnownFileType = sourcecode.swift; path = RootCoordinator.swift; sourceTree = "<group>"; };
		490611AD2911AE1A007E5945 /* RootCoordinatorView.swift */ = {isa = PBXFileReference; lastKnownFileType = sourcecode.swift; path = RootCoordinatorView.swift; sourceTree = "<group>"; };
		490611AF2911B019007E5945 /* BuildsCoordinator.swift */ = {isa = PBXFileReference; lastKnownFileType = sourcecode.swift; path = BuildsCoordinator.swift; sourceTree = "<group>"; };
		490611B12911B029007E5945 /* ComponentsCoordinator.swift */ = {isa = PBXFileReference; lastKnownFileType = sourcecode.swift; path = ComponentsCoordinator.swift; sourceTree = "<group>"; };
		490611B32911B049007E5945 /* CommandCenterCoordinator.swift */ = {isa = PBXFileReference; lastKnownFileType = sourcecode.swift; path = CommandCenterCoordinator.swift; sourceTree = "<group>"; };
		490611B52911B055007E5945 /* ExploreCoordinator.swift */ = {isa = PBXFileReference; lastKnownFileType = sourcecode.swift; path = ExploreCoordinator.swift; sourceTree = "<group>"; };
		490611B72911B066007E5945 /* InboxCoordinator.swift */ = {isa = PBXFileReference; lastKnownFileType = sourcecode.swift; path = InboxCoordinator.swift; sourceTree = "<group>"; };
		490611BE2911B162007E5945 /* BuildsView.swift */ = {isa = PBXFileReference; lastKnownFileType = sourcecode.swift; path = BuildsView.swift; sourceTree = "<group>"; };
		490611C02911B448007E5945 /* ExploreViewModel.swift */ = {isa = PBXFileReference; lastKnownFileType = sourcecode.swift; path = ExploreViewModel.swift; sourceTree = "<group>"; };
		490611C22911B459007E5945 /* CommandCenterViewModel.swift */ = {isa = PBXFileReference; lastKnownFileType = sourcecode.swift; path = CommandCenterViewModel.swift; sourceTree = "<group>"; };
		490611C42911B5C5007E5945 /* InboxViewModel.swift */ = {isa = PBXFileReference; lastKnownFileType = sourcecode.swift; path = InboxViewModel.swift; sourceTree = "<group>"; };
		490611C82911B5FD007E5945 /* InboxView.swift */ = {isa = PBXFileReference; lastKnownFileType = sourcecode.swift; path = InboxView.swift; sourceTree = "<group>"; };
		490611CA2911B615007E5945 /* CommandCenterView.swift */ = {isa = PBXFileReference; lastKnownFileType = sourcecode.swift; path = CommandCenterView.swift; sourceTree = "<group>"; };
		490611CC2911B622007E5945 /* ExploreView.swift */ = {isa = PBXFileReference; lastKnownFileType = sourcecode.swift; path = ExploreView.swift; sourceTree = "<group>"; };
		490611D12911B672007E5945 /* ComponentsViewModel.swift */ = {isa = PBXFileReference; lastKnownFileType = sourcecode.swift; path = ComponentsViewModel.swift; sourceTree = "<group>"; };
		490611D32911B685007E5945 /* ComponentsView.swift */ = {isa = PBXFileReference; lastKnownFileType = sourcecode.swift; path = ComponentsView.swift; sourceTree = "<group>"; };
		490611E22911BD8A007E5945 /* RoundedRectangularCTA.swift */ = {isa = PBXFileReference; lastKnownFileType = sourcecode.swift; path = RoundedRectangularCTA.swift; sourceTree = "<group>"; };
		490611E72911C9FA007E5945 /* ButtonStyles.swift */ = {isa = PBXFileReference; lastKnownFileType = sourcecode.swift; path = ButtonStyles.swift; sourceTree = "<group>"; };
		4924AA2E2915804600108D44 /* TabbarSelector.swift */ = {isa = PBXFileReference; lastKnownFileType = sourcecode.swift; path = TabbarSelector.swift; sourceTree = "<group>"; };
		4924AA3229158F6600108D44 /* ArrowButton.swift */ = {isa = PBXFileReference; lastKnownFileType = sourcecode.swift; path = ArrowButton.swift; sourceTree = "<group>"; };
		4924AA352916319700108D44 /* BorderedTextSection.swift */ = {isa = PBXFileReference; lastKnownFileType = sourcecode.swift; path = BorderedTextSection.swift; sourceTree = "<group>"; };
		49B221BA290B902E00BF7B26 /* FloatingTabbar.swift */ = {isa = PBXFileReference; lastKnownFileType = sourcecode.swift; path = FloatingTabbar.swift; sourceTree = "<group>"; };
		49B221BD290B982300BF7B26 /* Colors.swift */ = {isa = PBXFileReference; lastKnownFileType = sourcecode.swift; path = Colors.swift; sourceTree = "<group>"; };
		49B221C0290BA8C000BF7B26 /* ResourcesTests.swift */ = {isa = PBXFileReference; lastKnownFileType = sourcecode.swift; path = ResourcesTests.swift; sourceTree = "<group>"; };
		49B221C3290BB12B00BF7B26 /* InspecTests.swift */ = {isa = PBXFileReference; fileEncoding = 4; lastKnownFileType = sourcecode.swift; path = InspecTests.swift; sourceTree = "<group>"; };
		49B221C5290BB13C00BF7B26 /* InspecUITestsLaunchTests.swift */ = {isa = PBXFileReference; fileEncoding = 4; lastKnownFileType = sourcecode.swift; path = InspecUITestsLaunchTests.swift; sourceTree = "<group>"; };
		49B221C6290BB13D00BF7B26 /* InspecUITests.swift */ = {isa = PBXFileReference; fileEncoding = 4; lastKnownFileType = sourcecode.swift; path = InspecUITests.swift; sourceTree = "<group>"; };
		49B221CE290CA31600BF7B26 /* Fonts.swift */ = {isa = PBXFileReference; lastKnownFileType = sourcecode.swift; path = Fonts.swift; sourceTree = "<group>"; };
		49B221D0290D01B900BF7B26 /* Colors.xcassets */ = {isa = PBXFileReference; lastKnownFileType = folder.assetcatalog; path = Colors.xcassets; sourceTree = "<group>"; };
		49B221D5290D076900BF7B26 /* Tabs.swift */ = {isa = PBXFileReference; lastKnownFileType = sourcecode.swift; path = Tabs.swift; sourceTree = "<group>"; };
		49B221DB290D097D00BF7B26 /* LocalizedStrings.swift */ = {isa = PBXFileReference; lastKnownFileType = sourcecode.swift; path = LocalizedStrings.swift; sourceTree = "<group>"; };
		49B221DF290D0A9400BF7B26 /* StringExtensions.swift */ = {isa = PBXFileReference; lastKnownFileType = sourcecode.swift; path = StringExtensions.swift; sourceTree = "<group>"; };
		49B221E4290D1BFA00BF7B26 /* Localizable.strings */ = {isa = PBXFileReference; lastKnownFileType = text.plist.strings; path = Localizable.strings; sourceTree = "<group>"; };
		49B221EE290DD01C00BF7B26 /* ViewExtensions.swift */ = {isa = PBXFileReference; lastKnownFileType = sourcecode.swift; path = ViewExtensions.swift; sourceTree = "<group>"; };
		49C2629F2900B79E00532DF7 /* Inspec.app */ = {isa = PBXFileReference; explicitFileType = wrapper.application; includeInIndex = 0; path = Inspec.app; sourceTree = BUILT_PRODUCTS_DIR; };
		49C262A22900B79E00532DF7 /* InspecApp.swift */ = {isa = PBXFileReference; lastKnownFileType = sourcecode.swift; path = InspecApp.swift; sourceTree = "<group>"; };
		49C262A42900B79E00532DF7 /* ContentView.swift */ = {isa = PBXFileReference; lastKnownFileType = sourcecode.swift; path = ContentView.swift; sourceTree = "<group>"; };
		49C262A62900B7A100532DF7 /* Images.xcassets */ = {isa = PBXFileReference; lastKnownFileType = folder.assetcatalog; path = Images.xcassets; sourceTree = "<group>"; };
		49C262A92900B7A100532DF7 /* Preview Assets.xcassets */ = {isa = PBXFileReference; lastKnownFileType = folder.assetcatalog; path = "Preview Assets.xcassets"; sourceTree = "<group>"; };
		49C262AB2900B7A100532DF7 /* Persistence.swift */ = {isa = PBXFileReference; lastKnownFileType = sourcecode.swift; path = Persistence.swift; sourceTree = "<group>"; };
		49C262AE2900B7A100532DF7 /* Inspec.xcdatamodel */ = {isa = PBXFileReference; lastKnownFileType = wrapper.xcdatamodel; path = Inspec.xcdatamodel; sourceTree = "<group>"; };
		49C262B42900B7A100532DF7 /* InspecTests.xctest */ = {isa = PBXFileReference; explicitFileType = wrapper.cfbundle; includeInIndex = 0; path = InspecTests.xctest; sourceTree = BUILT_PRODUCTS_DIR; };
		49C262BE2900B7A100532DF7 /* InspecUITests.xctest */ = {isa = PBXFileReference; explicitFileType = wrapper.cfbundle; includeInIndex = 0; path = InspecUITests.xctest; sourceTree = BUILT_PRODUCTS_DIR; };
/* End PBXFileReference section */

/* Begin PBXFrameworksBuildPhase section */
		49C2629C2900B79E00532DF7 /* Frameworks */ = {
			isa = PBXFrameworksBuildPhase;
			buildActionMask = 2147483647;
			files = (
			);
			runOnlyForDeploymentPostprocessing = 0;
		};
		49C262B12900B7A100532DF7 /* Frameworks */ = {
			isa = PBXFrameworksBuildPhase;
			buildActionMask = 2147483647;
			files = (
			);
			runOnlyForDeploymentPostprocessing = 0;
		};
		49C262BB2900B7A100532DF7 /* Frameworks */ = {
			isa = PBXFrameworksBuildPhase;
			buildActionMask = 2147483647;
			files = (
			);
			runOnlyForDeploymentPostprocessing = 0;
		};
/* End PBXFrameworksBuildPhase section */

/* Begin PBXGroup section */
		4906119A291189E4007E5945 /* Services */ = {
			isa = PBXGroup;
			children = (
			);
			path = Services;
			sourceTree = "<group>";
		};
		4906119B29118A00007E5945 /* AVH-Core */ = {
			isa = PBXGroup;
			children = (
				4906119E29118A3F007E5945 /* Haptics */,
				4906119D29118A37007E5945 /* Visual */,
				4906119C29118A30007E5945 /* Audio */,
			);
			path = "AVH-Core";
			sourceTree = "<group>";
		};
		4906119C29118A30007E5945 /* Audio */ = {
			isa = PBXGroup;
			children = (
			);
			path = Audio;
			sourceTree = "<group>";
		};
		4906119D29118A37007E5945 /* Visual */ = {
			isa = PBXGroup;
			children = (
			);
			path = Visual;
			sourceTree = "<group>";
		};
		4906119E29118A3F007E5945 /* Haptics */ = {
			isa = PBXGroup;
			children = (
				4906119F29118A5B007E5945 /* HapticFeedback.swift */,
			);
			path = Haptics;
			sourceTree = "<group>";
		};
		490611A329119752007E5945 /* View Model */ = {
			isa = PBXGroup;
			children = (
				490611C02911B448007E5945 /* ExploreViewModel.swift */,
			);
			path = "View Model";
			sourceTree = "<group>";
		};
		490611A429119758007E5945 /* View Model */ = {
			isa = PBXGroup;
			children = (
				490611C22911B459007E5945 /* CommandCenterViewModel.swift */,
			);
			path = "View Model";
			sourceTree = "<group>";
		};
		490611A52911975D007E5945 /* View Model */ = {
			isa = PBXGroup;
			children = (
				490611C42911B5C5007E5945 /* InboxViewModel.swift */,
			);
			path = "View Model";
			sourceTree = "<group>";
		};
		490611A82911AB00007E5945 /* Protocol */ = {
			isa = PBXGroup;
			children = (
				490611A129119272007E5945 /* Coordinator.swift */,
			);
			path = Protocol;
			sourceTree = "<group>";
		};
		490611A92911AB0A007E5945 /* Coordinators */ = {
			isa = PBXGroup;
			children = (
				490611B92911B06B007E5945 /* Tabs */,
				490611AC2911AE09007E5945 /* Root */,
			);
			path = Coordinators;
			sourceTree = "<group>";
		};
		490611AC2911AE09007E5945 /* Root */ = {
			isa = PBXGroup;
			children = (
				490611AA2911ADE2007E5945 /* RootCoordinator.swift */,
				490611AD2911AE1A007E5945 /* RootCoordinatorView.swift */,
			);
			path = Root;
			sourceTree = "<group>";
		};
		490611B92911B06B007E5945 /* Tabs */ = {
			isa = PBXGroup;
			children = (
				490611AF2911B019007E5945 /* BuildsCoordinator.swift */,
				490611B12911B029007E5945 /* ComponentsCoordinator.swift */,
				490611B32911B049007E5945 /* CommandCenterCoordinator.swift */,
				490611B52911B055007E5945 /* ExploreCoordinator.swift */,
				490611B72911B066007E5945 /* InboxCoordinator.swift */,
			);
			path = Tabs;
			sourceTree = "<group>";
		};
		490611BA2911B13D007E5945 /* View */ = {
			isa = PBXGroup;
			children = (
				490611BE2911B162007E5945 /* BuildsView.swift */,
			);
			path = View;
			sourceTree = "<group>";
		};
		490611BB2911B144007E5945 /* View */ = {
			isa = PBXGroup;
			children = (
				490611CC2911B622007E5945 /* ExploreView.swift */,
			);
			path = View;
			sourceTree = "<group>";
		};
		490611BC2911B149007E5945 /* View */ = {
			isa = PBXGroup;
			children = (
				490611CA2911B615007E5945 /* CommandCenterView.swift */,
			);
			path = View;
			sourceTree = "<group>";
		};
		490611BD2911B14E007E5945 /* View */ = {
			isa = PBXGroup;
			children = (
				490611C82911B5FD007E5945 /* InboxView.swift */,
			);
			path = View;
			sourceTree = "<group>";
		};
		490611CE2911B639007E5945 /* Components */ = {
			isa = PBXGroup;
			children = (
				490611D02911B646007E5945 /* View */,
				490611CF2911B640007E5945 /* View Model */,
				490611D52911B68D007E5945 /* Detail Views */,
			);
			path = Components;
			sourceTree = "<group>";
		};
		490611CF2911B640007E5945 /* View Model */ = {
			isa = PBXGroup;
			children = (
				490611D12911B672007E5945 /* ComponentsViewModel.swift */,
			);
			path = "View Model";
			sourceTree = "<group>";
		};
		490611D02911B646007E5945 /* View */ = {
			isa = PBXGroup;
			children = (
				490611D32911B685007E5945 /* ComponentsView.swift */,
			);
			path = View;
			sourceTree = "<group>";
		};
		490611D52911B68D007E5945 /* Detail Views */ = {
			isa = PBXGroup;
			children = (
			);
			path = "Detail Views";
			sourceTree = "<group>";
		};
		490611D62911B6AF007E5945 /* Detail Views */ = {
			isa = PBXGroup;
			children = (
			);
			path = "Detail Views";
			sourceTree = "<group>";
		};
		490611D72911B6CC007E5945 /* Detail Views */ = {
			isa = PBXGroup;
			children = (
			);
			path = "Detail Views";
			sourceTree = "<group>";
		};
		490611D82911B6E2007E5945 /* Detail Views */ = {
			isa = PBXGroup;
			children = (
			);
			path = "Detail Views";
			sourceTree = "<group>";
		};
		490611D92911B6F0007E5945 /* Detail Views */ = {
			isa = PBXGroup;
			children = (
			);
			path = "Detail Views";
			sourceTree = "<group>";
		};
		490611DA2911B6FA007E5945 /* Tabs */ = {
			isa = PBXGroup;
			children = (
				49C262E02900B8A100532DF7 /* Builds */,
				490611CE2911B639007E5945 /* Components */,
				49B221EC290DA5D600BF7B26 /* Command Center */,
				49B221EB290DA5D100BF7B26 /* Explore */,
				49B221ED290DA5DD00BF7B26 /* Inbox */,
			);
			path = Tabs;
			sourceTree = "<group>";
		};
		490611DB2911BB10007E5945 /* Onboarding */ = {
			isa = PBXGroup;
			children = (
			);
			path = Onboarding;
			sourceTree = "<group>";
		};
		490611DD2911BBB0007E5945 /* Buttons */ = {
			isa = PBXGroup;
			children = (
				490611DF2911BD34007E5945 /* Navigation */,
				490611DE2911BBB8007E5945 /* CTA */,
			);
			path = Buttons;
			sourceTree = "<group>";
		};
		490611DE2911BBB8007E5945 /* CTA */ = {
			isa = PBXGroup;
			children = (
				490611E22911BD8A007E5945 /* RoundedRectangularCTA.swift */,
			);
			path = CTA;
			sourceTree = "<group>";
		};
		490611DF2911BD34007E5945 /* Navigation */ = {
			isa = PBXGroup;
			children = (
				4924AA3229158F6600108D44 /* ArrowButton.swift */,
			);
			path = Navigation;
			sourceTree = "<group>";
		};
		490611E42911BEFC007E5945 /* Pickers */ = {
			isa = PBXGroup;
			children = (
			);
			path = Pickers;
			sourceTree = "<group>";
		};
		490611E52911C9C5007E5945 /* Styles */ = {
			isa = PBXGroup;
			children = (
				490611E72911C9FA007E5945 /* ButtonStyles.swift */,
			);
			path = Styles;
			sourceTree = "<group>";
		};
		4924AA2C29157E3100108D44 /* Character Port Hole */ = {
			isa = PBXGroup;
			children = (
				4924AA2D29157E4B00108D44 /* Ian Tabbar Porthole */,
			);
			path = "Character Port Hole";
			sourceTree = "<group>";
		};
		4924AA2D29157E4B00108D44 /* Ian Tabbar Porthole */ = {
			isa = PBXGroup;
			children = (
			);
			path = "Ian Tabbar Porthole";
			sourceTree = "<group>";
		};
		4924AA342916316700108D44 /* Text Sections */ = {
			isa = PBXGroup;
			children = (
				4924AA352916319700108D44 /* BorderedTextSection.swift */,
			);
			path = "Text Sections";
			sourceTree = "<group>";
		};
		49630FAC291641C000D4BD50 /* Progress Views */ = {
			isa = PBXGroup;
			children = (
				49630FAD291641C800D4BD50 /* Partioned Progress View */,
			);
			path = "Progress Views";
			sourceTree = "<group>";
		};
		49630FAD291641C800D4BD50 /* Partioned Progress View */ = {
			isa = PBXGroup;
			children = (
			);
			path = "Partioned Progress View";
			sourceTree = "<group>";
		};
		49B221B9290B8FFF00BF7B26 /* Tabbar */ = {
			isa = PBXGroup;
			children = (
				49B221BA290B902E00BF7B26 /* FloatingTabbar.swift */,
				49B221D5290D076900BF7B26 /* Tabs.swift */,
				4924AA2E2915804600108D44 /* TabbarSelector.swift */,
			);
			path = Tabbar;
			sourceTree = "<group>";
		};
		49B221BC290B981200BF7B26 /* Colors */ = {
			isa = PBXGroup;
			children = (
				49B221BD290B982300BF7B26 /* Colors.swift */,
				49B221D0290D01B900BF7B26 /* Colors.xcassets */,
			);
			path = Colors;
			sourceTree = "<group>";
		};
		49B221D2290D01C700BF7B26 /* Text */ = {
			isa = PBXGroup;
			children = (
				49B221D7290D088900BF7B26 /* Localized Strings */,
				49C262D62900B7F000532DF7 /* Fonts */,
			);
			path = Text;
			sourceTree = "<group>";
		};
		49B221D7290D088900BF7B26 /* Localized Strings */ = {
			isa = PBXGroup;
			children = (
				49B221DB290D097D00BF7B26 /* LocalizedStrings.swift */,
				49B221E4290D1BFA00BF7B26 /* Localizable.strings */,
			);
			path = "Localized Strings";
			sourceTree = "<group>";
		};
		49B221DD290D0A4600BF7B26 /* Common */ = {
			isa = PBXGroup;
			children = (
				490611E52911C9C5007E5945 /* Styles */,
				49B221DE290D0A4D00BF7B26 /* Extensions */,
			);
			path = Common;
			sourceTree = "<group>";
		};
		49B221DE290D0A4D00BF7B26 /* Extensions */ = {
			isa = PBXGroup;
			children = (
				49B221DF290D0A9400BF7B26 /* StringExtensions.swift */,
				49B221EE290DD01C00BF7B26 /* ViewExtensions.swift */,
			);
			path = Extensions;
			sourceTree = "<group>";
		};
		49B221E6290DA0C400BF7B26 /* Routing */ = {
			isa = PBXGroup;
			children = (
				49B221E7290DA0D700BF7B26 /* Deeplinking */,
				49C262DA2900B81200532DF7 /* SwiftUI Coordinator */,
			);
			path = Routing;
			sourceTree = "<group>";
		};
		49B221E7290DA0D700BF7B26 /* Deeplinking */ = {
			isa = PBXGroup;
			children = (
			);
			path = Deeplinking;
			sourceTree = "<group>";
		};
		49B221EB290DA5D100BF7B26 /* Explore */ = {
			isa = PBXGroup;
			children = (
				490611BB2911B144007E5945 /* View */,
				490611A329119752007E5945 /* View Model */,
				490611D82911B6E2007E5945 /* Detail Views */,
			);
			path = Explore;
			sourceTree = "<group>";
		};
		49B221EC290DA5D600BF7B26 /* Command Center */ = {
			isa = PBXGroup;
			children = (
				490611BC2911B149007E5945 /* View */,
				490611A429119758007E5945 /* View Model */,
				490611D72911B6CC007E5945 /* Detail Views */,
			);
			path = "Command Center";
			sourceTree = "<group>";
		};
		49B221ED290DA5DD00BF7B26 /* Inbox */ = {
			isa = PBXGroup;
			children = (
				490611BD2911B14E007E5945 /* View */,
				490611A52911975D007E5945 /* View Model */,
				490611D92911B6F0007E5945 /* Detail Views */,
			);
			path = Inbox;
			sourceTree = "<group>";
		};
		49C262962900B79E00532DF7 = {
			isa = PBXGroup;
			children = (
				49C262A12900B79E00532DF7 /* Inspec */,
				49C262A02900B79E00532DF7 /* Products */,
			);
			sourceTree = "<group>";
		};
		49C262A02900B79E00532DF7 /* Products */ = {
			isa = PBXGroup;
			children = (
				49C2629F2900B79E00532DF7 /* Inspec.app */,
				49C262B42900B7A100532DF7 /* InspecTests.xctest */,
				49C262BE2900B7A100532DF7 /* InspecUITests.xctest */,
			);
			name = Products;
			sourceTree = "<group>";
		};
		49C262A12900B79E00532DF7 /* Inspec */ = {
			isa = PBXGroup;
			children = (
				490611992910D33D007E5945 /* Info.plist */,
				49C262DB2900B83800532DF7 /* Code */,
				49C262D22900B7C200532DF7 /* Supporting Files */,
				49C262D12900B7B100532DF7 /* Testing */,
				49C262A82900B7A100532DF7 /* Preview Content */,
			);
			path = Inspec;
			sourceTree = "<group>";
		};
		49C262A82900B7A100532DF7 /* Preview Content */ = {
			isa = PBXGroup;
			children = (
				49C262A92900B7A100532DF7 /* Preview Assets.xcassets */,
			);
			path = "Preview Content";
			sourceTree = "<group>";
		};
		49C262D12900B7B100532DF7 /* Testing */ = {
			isa = PBXGroup;
			children = (
				49B221C6290BB13D00BF7B26 /* InspecUITests.swift */,
				49B221C5290BB13C00BF7B26 /* InspecUITestsLaunchTests.swift */,
				49B221C3290BB12B00BF7B26 /* InspecTests.swift */,
				49B221C0290BA8C000BF7B26 /* ResourcesTests.swift */,
			);
			path = Testing;
			sourceTree = "<group>";
		};
		49C262D22900B7C200532DF7 /* Supporting Files */ = {
			isa = PBXGroup;
			children = (
			);
			path = "Supporting Files";
			sourceTree = "<group>";
		};
		49C262D32900B7D100532DF7 /* Core Data */ = {
			isa = PBXGroup;
			children = (
				49C262AD2900B7A100532DF7 /* Inspec.xcdatamodeld */,
				49C262AB2900B7A100532DF7 /* Persistence.swift */,
			);
			path = "Core Data";
			sourceTree = "<group>";
		};
		49C262D42900B7DB00532DF7 /* Core-Inspec */ = {
			isa = PBXGroup;
			children = (
				49C262A22900B79E00532DF7 /* InspecApp.swift */,
			);
			path = "Core-Inspec";
			sourceTree = "<group>";
		};
		49C262D52900B7E500532DF7 /* Resources */ = {
			isa = PBXGroup;
			children = (
				49B221D2290D01C700BF7B26 /* Text */,
				49B221BC290B981200BF7B26 /* Colors */,
				49C262D92900B80000532DF7 /* Animations */,
				49C262D82900B7FB00532DF7 /* Videos */,
				49C262D72900B7F600532DF7 /* Images */,
			);
			path = Resources;
			sourceTree = "<group>";
		};
		49C262D62900B7F000532DF7 /* Fonts */ = {
			isa = PBXGroup;
			children = (
				49B221CE290CA31600BF7B26 /* Fonts.swift */,
			);
			path = Fonts;
			sourceTree = "<group>";
		};
		49C262D72900B7F600532DF7 /* Images */ = {
			isa = PBXGroup;
			children = (
				49C262A62900B7A100532DF7 /* Images.xcassets */,
				4906119729104B59007E5945 /* Images.swift */,
			);
			path = Images;
			sourceTree = "<group>";
		};
		49C262D82900B7FB00532DF7 /* Videos */ = {
			isa = PBXGroup;
			children = (
			);
			path = Videos;
			sourceTree = "<group>";
		};
		49C262D92900B80000532DF7 /* Animations */ = {
			isa = PBXGroup;
			children = (
			);
			path = Animations;
			sourceTree = "<group>";
		};
		49C262DA2900B81200532DF7 /* SwiftUI Coordinator */ = {
			isa = PBXGroup;
			children = (
				490611A92911AB0A007E5945 /* Coordinators */,
				490611A82911AB00007E5945 /* Protocol */,
			);
			path = "SwiftUI Coordinator";
			sourceTree = "<group>";
		};
		49C262DB2900B83800532DF7 /* Code */ = {
			isa = PBXGroup;
			children = (
				4906119B29118A00007E5945 /* AVH-Core */,
				4906119A291189E4007E5945 /* Services */,
				49B221E6290DA0C400BF7B26 /* Routing */,
				49B221DD290D0A4600BF7B26 /* Common */,
				49C262DF2900B88B00532DF7 /* Screens */,
				49C262DE2900B87700532DF7 /* Reusable Views */,
				49C262D52900B7E500532DF7 /* Resources */,
				49C262D42900B7DB00532DF7 /* Core-Inspec */,
				49C262D32900B7D100532DF7 /* Core Data */,
			);
			path = Code;
			sourceTree = "<group>";
		};
		49C262DD2900B87100532DF7 /* Components */ = {
			isa = PBXGroup;
			children = (
				49630FAC291641C000D4BD50 /* Progress Views */,
				4924AA342916316700108D44 /* Text Sections */,
				4924AA2C29157E3100108D44 /* Character Port Hole */,
				490611E42911BEFC007E5945 /* Pickers */,
				490611DD2911BBB0007E5945 /* Buttons */,
				49B221B9290B8FFF00BF7B26 /* Tabbar */,
			);
			path = Components;
			sourceTree = "<group>";
		};
		49C262DE2900B87700532DF7 /* Reusable Views */ = {
			isa = PBXGroup;
			children = (
				49C262DD2900B87100532DF7 /* Components */,
			);
			path = "Reusable Views";
			sourceTree = "<group>";
		};
		49C262DF2900B88B00532DF7 /* Screens */ = {
			isa = PBXGroup;
			children = (
				49C262A42900B79E00532DF7 /* ContentView.swift */,
				490611DB2911BB10007E5945 /* Onboarding */,
				490611DA2911B6FA007E5945 /* Tabs */,
			);
			path = Screens;
			sourceTree = "<group>";
		};
		49C262E02900B8A100532DF7 /* Builds */ = {
			isa = PBXGroup;
			children = (
				490611BA2911B13D007E5945 /* View */,
				49C262E12900B8AD00532DF7 /* View Model */,
				490611D62911B6AF007E5945 /* Detail Views */,
			);
			path = Builds;
			sourceTree = "<group>";
		};
		49C262E12900B8AD00532DF7 /* View Model */ = {
			isa = PBXGroup;
			children = (
				490611A629119ACB007E5945 /* BuildsViewModel.swift */,
			);
			path = "View Model";
			sourceTree = "<group>";
		};
/* End PBXGroup section */

/* Begin PBXNativeTarget section */
		49C2629E2900B79E00532DF7 /* Inspec */ = {
			isa = PBXNativeTarget;
			buildConfigurationList = 49C262C82900B7A100532DF7 /* Build configuration list for PBXNativeTarget "Inspec" */;
			buildPhases = (
				49C2629B2900B79E00532DF7 /* Sources */,
				49C2629C2900B79E00532DF7 /* Frameworks */,
				49C2629D2900B79E00532DF7 /* Resources */,
			);
			buildRules = (
			);
			dependencies = (
			);
			name = Inspec;
			productName = Inspec;
			productReference = 49C2629F2900B79E00532DF7 /* Inspec.app */;
			productType = "com.apple.product-type.application";
		};
		49C262B32900B7A100532DF7 /* InspecTests */ = {
			isa = PBXNativeTarget;
			buildConfigurationList = 49C262CB2900B7A100532DF7 /* Build configuration list for PBXNativeTarget "InspecTests" */;
			buildPhases = (
				49C262B02900B7A100532DF7 /* Sources */,
				49C262B12900B7A100532DF7 /* Frameworks */,
				49C262B22900B7A100532DF7 /* Resources */,
			);
			buildRules = (
			);
			dependencies = (
				49C262B62900B7A100532DF7 /* PBXTargetDependency */,
			);
			name = InspecTests;
			productName = InspecTests;
			productReference = 49C262B42900B7A100532DF7 /* InspecTests.xctest */;
			productType = "com.apple.product-type.bundle.unit-test";
		};
		49C262BD2900B7A100532DF7 /* InspecUITests */ = {
			isa = PBXNativeTarget;
			buildConfigurationList = 49C262CE2900B7A100532DF7 /* Build configuration list for PBXNativeTarget "InspecUITests" */;
			buildPhases = (
				49C262BA2900B7A100532DF7 /* Sources */,
				49C262BB2900B7A100532DF7 /* Frameworks */,
				49C262BC2900B7A100532DF7 /* Resources */,
			);
			buildRules = (
			);
			dependencies = (
				49C262C02900B7A100532DF7 /* PBXTargetDependency */,
			);
			name = InspecUITests;
			productName = InspecUITests;
			productReference = 49C262BE2900B7A100532DF7 /* InspecUITests.xctest */;
			productType = "com.apple.product-type.bundle.ui-testing";
		};
/* End PBXNativeTarget section */

/* Begin PBXProject section */
		49C262972900B79E00532DF7 /* Project object */ = {
			isa = PBXProject;
			attributes = {
				BuildIndependentTargetsInParallel = 1;
				LastSwiftUpdateCheck = 1400;
				LastUpgradeCheck = 1400;
				TargetAttributes = {
					49C2629E2900B79E00532DF7 = {
						CreatedOnToolsVersion = 14.0.1;
					};
					49C262B32900B7A100532DF7 = {
						CreatedOnToolsVersion = 14.0.1;
						LastSwiftMigration = 1400;
						TestTargetID = 49C2629E2900B79E00532DF7;
					};
					49C262BD2900B7A100532DF7 = {
						CreatedOnToolsVersion = 14.0.1;
						TestTargetID = 49C2629E2900B79E00532DF7;
					};
				};
			};
			buildConfigurationList = 49C2629A2900B79E00532DF7 /* Build configuration list for PBXProject "Inspec" */;
			compatibilityVersion = "Xcode 14.0";
			developmentRegion = en;
			hasScannedForEncodings = 0;
			knownRegions = (
				en,
				Base,
			);
			mainGroup = 49C262962900B79E00532DF7;
			productRefGroup = 49C262A02900B79E00532DF7 /* Products */;
			projectDirPath = "";
			projectRoot = "";
			targets = (
				49C2629E2900B79E00532DF7 /* Inspec */,
				49C262B32900B7A100532DF7 /* InspecTests */,
				49C262BD2900B7A100532DF7 /* InspecUITests */,
			);
		};
/* End PBXProject section */

/* Begin PBXResourcesBuildPhase section */
		49C2629D2900B79E00532DF7 /* Resources */ = {
			isa = PBXResourcesBuildPhase;
			buildActionMask = 2147483647;
			files = (
				49B221D1290D01B900BF7B26 /* Colors.xcassets in Resources */,
				49B221E5290D1BFA00BF7B26 /* Localizable.strings in Resources */,
				49C262AA2900B7A100532DF7 /* Preview Assets.xcassets in Resources */,
				49C262A72900B7A100532DF7 /* Images.xcassets in Resources */,
			);
			runOnlyForDeploymentPostprocessing = 0;
		};
		49C262B22900B7A100532DF7 /* Resources */ = {
			isa = PBXResourcesBuildPhase;
			buildActionMask = 2147483647;
			files = (
			);
			runOnlyForDeploymentPostprocessing = 0;
		};
		49C262BC2900B7A100532DF7 /* Resources */ = {
			isa = PBXResourcesBuildPhase;
			buildActionMask = 2147483647;
			files = (
			);
			runOnlyForDeploymentPostprocessing = 0;
		};
/* End PBXResourcesBuildPhase section */

/* Begin PBXSourcesBuildPhase section */
		49C2629B2900B79E00532DF7 /* Sources */ = {
			isa = PBXSourcesBuildPhase;
			buildActionMask = 2147483647;
			files = (
				490611CB2911B615007E5945 /* CommandCenterView.swift in Sources */,
				490611A229119272007E5945 /* Coordinator.swift in Sources */,
				49B221CF290CA31600BF7B26 /* Fonts.swift in Sources */,
				490611BF2911B162007E5945 /* BuildsView.swift in Sources */,
				490611CD2911B622007E5945 /* ExploreView.swift in Sources */,
				4924AA362916319700108D44 /* BorderedTextSection.swift in Sources */,
				49C262AC2900B7A100532DF7 /* Persistence.swift in Sources */,
				490611A029118A5C007E5945 /* HapticFeedback.swift in Sources */,
				4924AA3329158F6600108D44 /* ArrowButton.swift in Sources */,
				490611B02911B019007E5945 /* BuildsCoordinator.swift in Sources */,
				49C262AF2900B7A100532DF7 /* Inspec.xcdatamodeld in Sources */,
				490611E82911C9FA007E5945 /* ButtonStyles.swift in Sources */,
				490611B82911B066007E5945 /* InboxCoordinator.swift in Sources */,
				49B221DC290D097D00BF7B26 /* LocalizedStrings.swift in Sources */,
				49B221BE290B982300BF7B26 /* Colors.swift in Sources */,
				4924AA2F2915804600108D44 /* TabbarSelector.swift in Sources */,
				4906119829104B59007E5945 /* Images.swift in Sources */,
				490611AE2911AE1A007E5945 /* RootCoordinatorView.swift in Sources */,
				490611C32911B459007E5945 /* CommandCenterViewModel.swift in Sources */,
				490611D42911B685007E5945 /* ComponentsView.swift in Sources */,
				49B221EF290DD01C00BF7B26 /* ViewExtensions.swift in Sources */,
				490611B22911B029007E5945 /* ComponentsCoordinator.swift in Sources */,
				490611D22911B672007E5945 /* ComponentsViewModel.swift in Sources */,
				490611AB2911ADE2007E5945 /* RootCoordinator.swift in Sources */,
				490611C92911B5FD007E5945 /* InboxView.swift in Sources */,
				49B221E0290D0A9400BF7B26 /* StringExtensions.swift in Sources */,
				490611E32911BD8A007E5945 /* RoundedRectangularCTA.swift in Sources */,
				49B221D6290D076900BF7B26 /* Tabs.swift in Sources */,
				490611B62911B055007E5945 /* ExploreCoordinator.swift in Sources */,
				49B221BB290B902E00BF7B26 /* FloatingTabbar.swift in Sources */,
				490611B42911B049007E5945 /* CommandCenterCoordinator.swift in Sources */,
				490611C12911B448007E5945 /* ExploreViewModel.swift in Sources */,
				49C262A52900B79E00532DF7 /* ContentView.swift in Sources */,
				490611C52911B5C5007E5945 /* InboxViewModel.swift in Sources */,
				49C262A32900B79E00532DF7 /* InspecApp.swift in Sources */,
				490611A729119ACB007E5945 /* BuildsViewModel.swift in Sources */,
			);
			runOnlyForDeploymentPostprocessing = 0;
		};
		49C262B02900B7A100532DF7 /* Sources */ = {
			isa = PBXSourcesBuildPhase;
			buildActionMask = 2147483647;
			files = (
				49B221C1290BA8C000BF7B26 /* ResourcesTests.swift in Sources */,
				49B221C4290BB12B00BF7B26 /* InspecTests.swift in Sources */,
			);
			runOnlyForDeploymentPostprocessing = 0;
		};
		49C262BA2900B7A100532DF7 /* Sources */ = {
			isa = PBXSourcesBuildPhase;
			buildActionMask = 2147483647;
			files = (
				49B221CA290BB15100BF7B26 /* InspecUITestsLaunchTests.swift in Sources */,
				49B221C9290BB14E00BF7B26 /* InspecUITests.swift in Sources */,
			);
			runOnlyForDeploymentPostprocessing = 0;
		};
/* End PBXSourcesBuildPhase section */

/* Begin PBXTargetDependency section */
		49C262B62900B7A100532DF7 /* PBXTargetDependency */ = {
			isa = PBXTargetDependency;
			target = 49C2629E2900B79E00532DF7 /* Inspec */;
			targetProxy = 49C262B52900B7A100532DF7 /* PBXContainerItemProxy */;
		};
		49C262C02900B7A100532DF7 /* PBXTargetDependency */ = {
			isa = PBXTargetDependency;
			target = 49C2629E2900B79E00532DF7 /* Inspec */;
			targetProxy = 49C262BF2900B7A100532DF7 /* PBXContainerItemProxy */;
		};
/* End PBXTargetDependency section */

/* Begin XCBuildConfiguration section */
		49C262C62900B7A100532DF7 /* Debug */ = {
			isa = XCBuildConfiguration;
			buildSettings = {
				ALWAYS_SEARCH_USER_PATHS = NO;
				CLANG_ANALYZER_NONNULL = YES;
				CLANG_ANALYZER_NUMBER_OBJECT_CONVERSION = YES_AGGRESSIVE;
				CLANG_CXX_LANGUAGE_STANDARD = "gnu++20";
				CLANG_ENABLE_MODULES = YES;
				CLANG_ENABLE_OBJC_ARC = YES;
				CLANG_ENABLE_OBJC_WEAK = YES;
				CLANG_WARN_BLOCK_CAPTURE_AUTORELEASING = YES;
				CLANG_WARN_BOOL_CONVERSION = YES;
				CLANG_WARN_COMMA = YES;
				CLANG_WARN_CONSTANT_CONVERSION = YES;
				CLANG_WARN_DEPRECATED_OBJC_IMPLEMENTATIONS = YES;
				CLANG_WARN_DIRECT_OBJC_ISA_USAGE = YES_ERROR;
				CLANG_WARN_DOCUMENTATION_COMMENTS = YES;
				CLANG_WARN_EMPTY_BODY = YES;
				CLANG_WARN_ENUM_CONVERSION = YES;
				CLANG_WARN_INFINITE_RECURSION = YES;
				CLANG_WARN_INT_CONVERSION = YES;
				CLANG_WARN_NON_LITERAL_NULL_CONVERSION = YES;
				CLANG_WARN_OBJC_IMPLICIT_RETAIN_SELF = YES;
				CLANG_WARN_OBJC_LITERAL_CONVERSION = YES;
				CLANG_WARN_OBJC_ROOT_CLASS = YES_ERROR;
				CLANG_WARN_QUOTED_INCLUDE_IN_FRAMEWORK_HEADER = YES;
				CLANG_WARN_RANGE_LOOP_ANALYSIS = YES;
				CLANG_WARN_STRICT_PROTOTYPES = YES;
				CLANG_WARN_SUSPICIOUS_MOVE = YES;
				CLANG_WARN_UNGUARDED_AVAILABILITY = YES_AGGRESSIVE;
				CLANG_WARN_UNREACHABLE_CODE = YES;
				CLANG_WARN__DUPLICATE_METHOD_MATCH = YES;
				COPY_PHASE_STRIP = NO;
				DEBUG_INFORMATION_FORMAT = dwarf;
				ENABLE_STRICT_OBJC_MSGSEND = YES;
				ENABLE_TESTABILITY = YES;
				GCC_C_LANGUAGE_STANDARD = gnu11;
				GCC_DYNAMIC_NO_PIC = NO;
				GCC_NO_COMMON_BLOCKS = YES;
				GCC_OPTIMIZATION_LEVEL = 0;
				GCC_PREPROCESSOR_DEFINITIONS = (
					"DEBUG=1",
					"$(inherited)",
				);
				GCC_WARN_64_TO_32_BIT_CONVERSION = YES;
				GCC_WARN_ABOUT_RETURN_TYPE = YES_ERROR;
				GCC_WARN_UNDECLARED_SELECTOR = YES;
				GCC_WARN_UNINITIALIZED_AUTOS = YES_AGGRESSIVE;
				GCC_WARN_UNUSED_FUNCTION = YES;
				GCC_WARN_UNUSED_VARIABLE = YES;
				INFOPLIST_KEY_LSApplicationCategoryType = "public.app-category.productivity";
				IPHONEOS_DEPLOYMENT_TARGET = 16.0;
				MTL_ENABLE_DEBUG_INFO = INCLUDE_SOURCE;
				MTL_FAST_MATH = YES;
				ONLY_ACTIVE_ARCH = YES;
				SDKROOT = iphoneos;
				SWIFT_ACTIVE_COMPILATION_CONDITIONS = DEBUG;
				SWIFT_EMIT_LOC_STRINGS = YES;
				SWIFT_OPTIMIZATION_LEVEL = "-Onone";
			};
			name = Debug;
		};
		49C262C72900B7A100532DF7 /* Release */ = {
			isa = XCBuildConfiguration;
			buildSettings = {
				ALWAYS_SEARCH_USER_PATHS = NO;
				CLANG_ANALYZER_NONNULL = YES;
				CLANG_ANALYZER_NUMBER_OBJECT_CONVERSION = YES_AGGRESSIVE;
				CLANG_CXX_LANGUAGE_STANDARD = "gnu++20";
				CLANG_ENABLE_MODULES = YES;
				CLANG_ENABLE_OBJC_ARC = YES;
				CLANG_ENABLE_OBJC_WEAK = YES;
				CLANG_WARN_BLOCK_CAPTURE_AUTORELEASING = YES;
				CLANG_WARN_BOOL_CONVERSION = YES;
				CLANG_WARN_COMMA = YES;
				CLANG_WARN_CONSTANT_CONVERSION = YES;
				CLANG_WARN_DEPRECATED_OBJC_IMPLEMENTATIONS = YES;
				CLANG_WARN_DIRECT_OBJC_ISA_USAGE = YES_ERROR;
				CLANG_WARN_DOCUMENTATION_COMMENTS = YES;
				CLANG_WARN_EMPTY_BODY = YES;
				CLANG_WARN_ENUM_CONVERSION = YES;
				CLANG_WARN_INFINITE_RECURSION = YES;
				CLANG_WARN_INT_CONVERSION = YES;
				CLANG_WARN_NON_LITERAL_NULL_CONVERSION = YES;
				CLANG_WARN_OBJC_IMPLICIT_RETAIN_SELF = YES;
				CLANG_WARN_OBJC_LITERAL_CONVERSION = YES;
				CLANG_WARN_OBJC_ROOT_CLASS = YES_ERROR;
				CLANG_WARN_QUOTED_INCLUDE_IN_FRAMEWORK_HEADER = YES;
				CLANG_WARN_RANGE_LOOP_ANALYSIS = YES;
				CLANG_WARN_STRICT_PROTOTYPES = YES;
				CLANG_WARN_SUSPICIOUS_MOVE = YES;
				CLANG_WARN_UNGUARDED_AVAILABILITY = YES_AGGRESSIVE;
				CLANG_WARN_UNREACHABLE_CODE = YES;
				CLANG_WARN__DUPLICATE_METHOD_MATCH = YES;
				COPY_PHASE_STRIP = NO;
				DEBUG_INFORMATION_FORMAT = "dwarf-with-dsym";
				ENABLE_NS_ASSERTIONS = NO;
				ENABLE_STRICT_OBJC_MSGSEND = YES;
				GCC_C_LANGUAGE_STANDARD = gnu11;
				GCC_NO_COMMON_BLOCKS = YES;
				GCC_WARN_64_TO_32_BIT_CONVERSION = YES;
				GCC_WARN_ABOUT_RETURN_TYPE = YES_ERROR;
				GCC_WARN_UNDECLARED_SELECTOR = YES;
				GCC_WARN_UNINITIALIZED_AUTOS = YES_AGGRESSIVE;
				GCC_WARN_UNUSED_FUNCTION = YES;
				GCC_WARN_UNUSED_VARIABLE = YES;
				INFOPLIST_KEY_LSApplicationCategoryType = "public.app-category.productivity";
				IPHONEOS_DEPLOYMENT_TARGET = 16.0;
				MTL_ENABLE_DEBUG_INFO = NO;
				MTL_FAST_MATH = YES;
				SDKROOT = iphoneos;
				SWIFT_COMPILATION_MODE = wholemodule;
				SWIFT_EMIT_LOC_STRINGS = YES;
				SWIFT_OPTIMIZATION_LEVEL = "-O";
				VALIDATE_PRODUCT = YES;
			};
			name = Release;
		};
		49C262C92900B7A100532DF7 /* Debug */ = {
			isa = XCBuildConfiguration;
			buildSettings = {
				ASSETCATALOG_COMPILER_APPICON_NAME = AppIcon;
				ASSETCATALOG_COMPILER_GLOBAL_ACCENT_COLOR_NAME = AccentColor;
				CODE_SIGN_STYLE = Automatic;
				CURRENT_PROJECT_VERSION = 1;
				DEVELOPMENT_ASSET_PATHS = "\"Inspec/Preview Content\"";
				DEVELOPMENT_TEAM = 2JMR3SJGS4;
				ENABLE_PREVIEWS = YES;
				GENERATE_INFOPLIST_FILE = YES;
				INFOPLIST_FILE = Inspec/Info.plist;
				INFOPLIST_KEY_CFBundleDisplayName = Inspec;
				INFOPLIST_KEY_LSApplicationCategoryType = "public.app-category.productivity";
				INFOPLIST_KEY_UIApplicationSceneManifest_Generation = YES;
				INFOPLIST_KEY_UIApplicationSupportsIndirectInputEvents = YES;
				INFOPLIST_KEY_UILaunchScreen_Generation = YES;
				INFOPLIST_KEY_UISupportedInterfaceOrientations = UIInterfaceOrientationPortrait;
				LD_RUNPATH_SEARCH_PATHS = (
					"$(inherited)",
					"@executable_path/Frameworks",
				);
				MARKETING_VERSION = 1.0;
				PRODUCT_BUNDLE_IDENTIFIER = "com.Inspec-AI";
				PRODUCT_NAME = "$(TARGET_NAME)";
				SWIFT_EMIT_LOC_STRINGS = YES;
				SWIFT_VERSION = 5.0;
				TARGETED_DEVICE_FAMILY = "1,2";
			};
			name = Debug;
		};
		49C262CA2900B7A100532DF7 /* Release */ = {
			isa = XCBuildConfiguration;
			buildSettings = {
				ASSETCATALOG_COMPILER_APPICON_NAME = AppIcon;
				ASSETCATALOG_COMPILER_GLOBAL_ACCENT_COLOR_NAME = AccentColor;
				CODE_SIGN_STYLE = Automatic;
				CURRENT_PROJECT_VERSION = 1;
				DEVELOPMENT_ASSET_PATHS = "\"Inspec/Preview Content\"";
				DEVELOPMENT_TEAM = 2JMR3SJGS4;
				ENABLE_PREVIEWS = YES;
				GENERATE_INFOPLIST_FILE = YES;
				INFOPLIST_FILE = Inspec/Info.plist;
				INFOPLIST_KEY_CFBundleDisplayName = Inspec;
				INFOPLIST_KEY_LSApplicationCategoryType = "public.app-category.productivity";
				INFOPLIST_KEY_UIApplicationSceneManifest_Generation = YES;
				INFOPLIST_KEY_UIApplicationSupportsIndirectInputEvents = YES;
				INFOPLIST_KEY_UILaunchScreen_Generation = YES;
				INFOPLIST_KEY_UISupportedInterfaceOrientations = UIInterfaceOrientationPortrait;
				LD_RUNPATH_SEARCH_PATHS = (
					"$(inherited)",
					"@executable_path/Frameworks",
				);
				MARKETING_VERSION = 1.0;
				ONLY_ACTIVE_ARCH = YES;
				PRODUCT_BUNDLE_IDENTIFIER = "com.Inspec-AI";
				PRODUCT_NAME = "$(TARGET_NAME)";
				SWIFT_EMIT_LOC_STRINGS = YES;
				SWIFT_VERSION = 5.0;
				TARGETED_DEVICE_FAMILY = "1,2";
			};
			name = Release;
		};
		49C262CC2900B7A100532DF7 /* Debug */ = {
			isa = XCBuildConfiguration;
			buildSettings = {
				ALWAYS_EMBED_SWIFT_STANDARD_LIBRARIES = YES;
				BUNDLE_LOADER = "$(TEST_HOST)";
				CLANG_ENABLE_MODULES = YES;
				CODE_SIGN_STYLE = Automatic;
				CURRENT_PROJECT_VERSION = 1;
				DEVELOPMENT_TEAM = 2JMR3SJGS4;
				EXCLUDED_ARCHS = "";
				GENERATE_INFOPLIST_FILE = YES;
				IPHONEOS_DEPLOYMENT_TARGET = 16.0;
				LD_RUNPATH_SEARCH_PATHS = (
					"$(inherited)",
					"@executable_path/Frameworks",
					"@loader_path/Frameworks",
				);
				MARKETING_VERSION = 1.0;
				PRODUCT_BUNDLE_IDENTIFIER = com.InspecTests;
				PRODUCT_NAME = "$(TARGET_NAME)";
				SWIFT_EMIT_LOC_STRINGS = NO;
				SWIFT_OPTIMIZATION_LEVEL = "-Onone";
				SWIFT_VERSION = 5.0;
				TARGETED_DEVICE_FAMILY = "1,2";
				TEST_HOST = "$(BUILT_PRODUCTS_DIR)/Inspec.app/$(BUNDLE_EXECUTABLE_FOLDER_PATH)/Inspec";
			};
			name = Debug;
		};
		49C262CD2900B7A100532DF7 /* Release */ = {
			isa = XCBuildConfiguration;
			buildSettings = {
				ALWAYS_EMBED_SWIFT_STANDARD_LIBRARIES = YES;
				BUNDLE_LOADER = "$(TEST_HOST)";
				CLANG_ENABLE_MODULES = YES;
				CODE_SIGN_STYLE = Automatic;
				CURRENT_PROJECT_VERSION = 1;
				DEVELOPMENT_TEAM = 2JMR3SJGS4;
				EXCLUDED_ARCHS = "";
				GENERATE_INFOPLIST_FILE = YES;
				IPHONEOS_DEPLOYMENT_TARGET = 16.0;
				LD_RUNPATH_SEARCH_PATHS = (
					"$(inherited)",
					"@executable_path/Frameworks",
					"@loader_path/Frameworks",
				);
				MARKETING_VERSION = 1.0;
				ONLY_ACTIVE_ARCH = YES;
				PRODUCT_BUNDLE_IDENTIFIER = com.InspecTests;
				PRODUCT_NAME = "$(TARGET_NAME)";
				SWIFT_EMIT_LOC_STRINGS = NO;
				SWIFT_VERSION = 5.0;
				TARGETED_DEVICE_FAMILY = "1,2";
				TEST_HOST = "$(BUILT_PRODUCTS_DIR)/Inspec.app/$(BUNDLE_EXECUTABLE_FOLDER_PATH)/Inspec";
			};
			name = Release;
		};
		49C262CF2900B7A100532DF7 /* Debug */ = {
			isa = XCBuildConfiguration;
			buildSettings = {
				ALWAYS_EMBED_SWIFT_STANDARD_LIBRARIES = YES;
				CODE_SIGN_STYLE = Automatic;
				CURRENT_PROJECT_VERSION = 1;
				DEVELOPMENT_TEAM = 2JMR3SJGS4;
				GENERATE_INFOPLIST_FILE = YES;
				MARKETING_VERSION = 1.0;
				PRODUCT_BUNDLE_IDENTIFIER = com.InspecUITests;
				PRODUCT_NAME = "$(TARGET_NAME)";
				SWIFT_EMIT_LOC_STRINGS = NO;
				SWIFT_VERSION = 5.0;
				TARGETED_DEVICE_FAMILY = "1,2";
				TEST_TARGET_NAME = Inspec;
			};
			name = Debug;
		};
		49C262D02900B7A100532DF7 /* Release */ = {
			isa = XCBuildConfiguration;
			buildSettings = {
				ALWAYS_EMBED_SWIFT_STANDARD_LIBRARIES = YES;
				CODE_SIGN_STYLE = Automatic;
				CURRENT_PROJECT_VERSION = 1;
				DEVELOPMENT_TEAM = 2JMR3SJGS4;
				GENERATE_INFOPLIST_FILE = YES;
				MARKETING_VERSION = 1.0;
				ONLY_ACTIVE_ARCH = YES;
				PRODUCT_BUNDLE_IDENTIFIER = com.InspecUITests;
				PRODUCT_NAME = "$(TARGET_NAME)";
				SWIFT_EMIT_LOC_STRINGS = NO;
				SWIFT_VERSION = 5.0;
				TARGETED_DEVICE_FAMILY = "1,2";
				TEST_TARGET_NAME = Inspec;
			};
			name = Release;
		};
/* End XCBuildConfiguration section */

/* Begin XCConfigurationList section */
		49C2629A2900B79E00532DF7 /* Build configuration list for PBXProject "Inspec" */ = {
			isa = XCConfigurationList;
			buildConfigurations = (
				49C262C62900B7A100532DF7 /* Debug */,
				49C262C72900B7A100532DF7 /* Release */,
			);
			defaultConfigurationIsVisible = 0;
			defaultConfigurationName = Release;
		};
		49C262C82900B7A100532DF7 /* Build configuration list for PBXNativeTarget "Inspec" */ = {
			isa = XCConfigurationList;
			buildConfigurations = (
				49C262C92900B7A100532DF7 /* Debug */,
				49C262CA2900B7A100532DF7 /* Release */,
			);
			defaultConfigurationIsVisible = 0;
			defaultConfigurationName = Release;
		};
		49C262CB2900B7A100532DF7 /* Build configuration list for PBXNativeTarget "InspecTests" */ = {
			isa = XCConfigurationList;
			buildConfigurations = (
				49C262CC2900B7A100532DF7 /* Debug */,
				49C262CD2900B7A100532DF7 /* Release */,
			);
			defaultConfigurationIsVisible = 0;
			defaultConfigurationName = Release;
		};
		49C262CE2900B7A100532DF7 /* Build configuration list for PBXNativeTarget "InspecUITests" */ = {
			isa = XCConfigurationList;
			buildConfigurations = (
				49C262CF2900B7A100532DF7 /* Debug */,
				49C262D02900B7A100532DF7 /* Release */,
			);
			defaultConfigurationIsVisible = 0;
			defaultConfigurationName = Release;
		};
/* End XCConfigurationList section */

/* Begin XCVersionGroup section */
		49C262AD2900B7A100532DF7 /* Inspec.xcdatamodeld */ = {
			isa = XCVersionGroup;
			children = (
				49C262AE2900B7A100532DF7 /* Inspec.xcdatamodel */,
			);
			currentVersion = 49C262AE2900B7A100532DF7 /* Inspec.xcdatamodel */;
			path = Inspec.xcdatamodeld;
			sourceTree = "<group>";
			versionGroupType = wrapper.xcdatamodel;
		};
/* End XCVersionGroup section */
	};
	rootObject = 49C262972900B79E00532DF7 /* Project object */;
}
