// !$*UTF8*$!
{
	archiveVersion = 1;
	classes = {
	};
	objectVersion = 56;
	objects = {

/* Begin PBXBuildFile section */
		49C262A32900B79E00532DF7 /* InspecApp.swift in Sources */ = {isa = PBXBuildFile; fileRef = 49C262A22900B79E00532DF7 /* InspecApp.swift */; };
		49C262A52900B79E00532DF7 /* ContentView.swift in Sources */ = {isa = PBXBuildFile; fileRef = 49C262A42900B79E00532DF7 /* ContentView.swift */; };
		49C262A72900B7A100532DF7 /* Assets.xcassets in Resources */ = {isa = PBXBuildFile; fileRef = 49C262A62900B7A100532DF7 /* Assets.xcassets */; };
		49C262AA2900B7A100532DF7 /* Preview Assets.xcassets in Resources */ = {isa = PBXBuildFile; fileRef = 49C262A92900B7A100532DF7 /* Preview Assets.xcassets */; };
		49C262AC2900B7A100532DF7 /* Persistence.swift in Sources */ = {isa = PBXBuildFile; fileRef = 49C262AB2900B7A100532DF7 /* Persistence.swift */; };
		49C262AF2900B7A100532DF7 /* Inspec.xcdatamodeld in Sources */ = {isa = PBXBuildFile; fileRef = 49C262AD2900B7A100532DF7 /* Inspec.xcdatamodeld */; };
		49C262B92900B7A100532DF7 /* InspecTests.swift in Sources */ = {isa = PBXBuildFile; fileRef = 49C262B82900B7A100532DF7 /* InspecTests.swift */; };
		49C262C32900B7A100532DF7 /* InspecUITests.swift in Sources */ = {isa = PBXBuildFile; fileRef = 49C262C22900B7A100532DF7 /* InspecUITests.swift */; };
		49C262C52900B7A100532DF7 /* InspecUITestsLaunchTests.swift in Sources */ = {isa = PBXBuildFile; fileRef = 49C262C42900B7A100532DF7 /* InspecUITestsLaunchTests.swift */; };
/* End PBXBuildFile section */

/* Begin PBXContainerItemProxy section */
		49C262B52900B7A100532DF7 /* PBXContainerItemProxy */ = {
			isa = PBXContainerItemProxy;
			containerPortal = 49C262972900B79E00532DF7 /* Project object */;
			proxyType = 1;
			remoteGlobalIDString = 49C2629E2900B79E00532DF7;
			remoteInfo = Inspec;
		};
		49C262BF2900B7A100532DF7 /* PBXContainerItemProxy */ = {
			isa = PBXContainerItemProxy;
			containerPortal = 49C262972900B79E00532DF7 /* Project object */;
			proxyType = 1;
			remoteGlobalIDString = 49C2629E2900B79E00532DF7;
			remoteInfo = Inspec;
		};
/* End PBXContainerItemProxy section */

/* Begin PBXFileReference section */
		49C2629F2900B79E00532DF7 /* Inspec.app */ = {isa = PBXFileReference; explicitFileType = wrapper.application; includeInIndex = 0; path = Inspec.app; sourceTree = BUILT_PRODUCTS_DIR; };
		49C262A22900B79E00532DF7 /* InspecApp.swift */ = {isa = PBXFileReference; lastKnownFileType = sourcecode.swift; path = InspecApp.swift; sourceTree = "<group>"; };
		49C262A42900B79E00532DF7 /* ContentView.swift */ = {isa = PBXFileReference; lastKnownFileType = sourcecode.swift; path = ContentView.swift; sourceTree = "<group>"; };
		49C262A62900B7A100532DF7 /* Assets.xcassets */ = {isa = PBXFileReference; lastKnownFileType = folder.assetcatalog; path = Assets.xcassets; sourceTree = "<group>"; };
		49C262A92900B7A100532DF7 /* Preview Assets.xcassets */ = {isa = PBXFileReference; lastKnownFileType = folder.assetcatalog; path = "Preview Assets.xcassets"; sourceTree = "<group>"; };
		49C262AB2900B7A100532DF7 /* Persistence.swift */ = {isa = PBXFileReference; lastKnownFileType = sourcecode.swift; path = Persistence.swift; sourceTree = "<group>"; };
		49C262AE2900B7A100532DF7 /* Inspec.xcdatamodel */ = {isa = PBXFileReference; lastKnownFileType = wrapper.xcdatamodel; path = Inspec.xcdatamodel; sourceTree = "<group>"; };
		49C262B42900B7A100532DF7 /* InspecTests.xctest */ = {isa = PBXFileReference; explicitFileType = wrapper.cfbundle; includeInIndex = 0; path = InspecTests.xctest; sourceTree = BUILT_PRODUCTS_DIR; };
		49C262B82900B7A100532DF7 /* InspecTests.swift */ = {isa = PBXFileReference; lastKnownFileType = sourcecode.swift; path = InspecTests.swift; sourceTree = "<group>"; };
		49C262BE2900B7A100532DF7 /* InspecUITests.xctest */ = {isa = PBXFileReference; explicitFileType = wrapper.cfbundle; includeInIndex = 0; path = InspecUITests.xctest; sourceTree = BUILT_PRODUCTS_DIR; };
		49C262C22900B7A100532DF7 /* InspecUITests.swift */ = {isa = PBXFileReference; lastKnownFileType = sourcecode.swift; path = InspecUITests.swift; sourceTree = "<group>"; };
		49C262C42900B7A100532DF7 /* InspecUITestsLaunchTests.swift */ = {isa = PBXFileReference; lastKnownFileType = sourcecode.swift; path = InspecUITestsLaunchTests.swift; sourceTree = "<group>"; };
/* End PBXFileReference section */

/* Begin PBXFrameworksBuildPhase section */
		49C2629C2900B79E00532DF7 /* Frameworks */ = {
			isa = PBXFrameworksBuildPhase;
			buildActionMask = 2147483647;
			files = (
			);
			runOnlyForDeploymentPostprocessing = 0;
		};
		49C262B12900B7A100532DF7 /* Frameworks */ = {
			isa = PBXFrameworksBuildPhase;
			buildActionMask = 2147483647;
			files = (
			);
			runOnlyForDeploymentPostprocessing = 0;
		};
		49C262BB2900B7A100532DF7 /* Frameworks */ = {
			isa = PBXFrameworksBuildPhase;
			buildActionMask = 2147483647;
			files = (
			);
			runOnlyForDeploymentPostprocessing = 0;
		};
/* End PBXFrameworksBuildPhase section */

/* Begin PBXGroup section */
		49C262962900B79E00532DF7 = {
			isa = PBXGroup;
			children = (
				49C262A12900B79E00532DF7 /* Inspec */,
				49C262B72900B7A100532DF7 /* InspecTests */,
				49C262C12900B7A100532DF7 /* InspecUITests */,
				49C262A02900B79E00532DF7 /* Products */,
			);
			sourceTree = "<group>";
		};
		49C262A02900B79E00532DF7 /* Products */ = {
			isa = PBXGroup;
			children = (
				49C2629F2900B79E00532DF7 /* Inspec.app */,
				49C262B42900B7A100532DF7 /* InspecTests.xctest */,
				49C262BE2900B7A100532DF7 /* InspecUITests.xctest */,
			);
			name = Products;
			sourceTree = "<group>";
		};
		49C262A12900B79E00532DF7 /* Inspec */ = {
			isa = PBXGroup;
			children = (
				49C262A22900B79E00532DF7 /* InspecApp.swift */,
				49C262A42900B79E00532DF7 /* ContentView.swift */,
				49C262A62900B7A100532DF7 /* Assets.xcassets */,
				49C262AB2900B7A100532DF7 /* Persistence.swift */,
				49C262AD2900B7A100532DF7 /* Inspec.xcdatamodeld */,
				49C262A82900B7A100532DF7 /* Preview Content */,
			);
			path = Inspec;
			sourceTree = "<group>";
		};
		49C262A82900B7A100532DF7 /* Preview Content */ = {
			isa = PBXGroup;
			children = (
				49C262A92900B7A100532DF7 /* Preview Assets.xcassets */,
			);
			path = "Preview Content";
			sourceTree = "<group>";
		};
		49C262B72900B7A100532DF7 /* InspecTests */ = {
			isa = PBXGroup;
			children = (
				49C262B82900B7A100532DF7 /* InspecTests.swift */,
			);
			path = InspecTests;
			sourceTree = "<group>";
		};
		49C262C12900B7A100532DF7 /* InspecUITests */ = {
			isa = PBXGroup;
			children = (
				49C262C22900B7A100532DF7 /* InspecUITests.swift */,
				49C262C42900B7A100532DF7 /* InspecUITestsLaunchTests.swift */,
			);
			path = InspecUITests;
			sourceTree = "<group>";
		};
/* End PBXGroup section */

/* Begin PBXNativeTarget section */
		49C2629E2900B79E00532DF7 /* Inspec */ = {
			isa = PBXNativeTarget;
			buildConfigurationList = 49C262C82900B7A100532DF7 /* Build configuration list for PBXNativeTarget "Inspec" */;
			buildPhases = (
				49C2629B2900B79E00532DF7 /* Sources */,
				49C2629C2900B79E00532DF7 /* Frameworks */,
				49C2629D2900B79E00532DF7 /* Resources */,
			);
			buildRules = (
			);
			dependencies = (
			);
			name = Inspec;
			productName = Inspec;
			productReference = 49C2629F2900B79E00532DF7 /* Inspec.app */;
			productType = "com.apple.product-type.application";
		};
		49C262B32900B7A100532DF7 /* InspecTests */ = {
			isa = PBXNativeTarget;
			buildConfigurationList = 49C262CB2900B7A100532DF7 /* Build configuration list for PBXNativeTarget "InspecTests" */;
			buildPhases = (
				49C262B02900B7A100532DF7 /* Sources */,
				49C262B12900B7A100532DF7 /* Frameworks */,
				49C262B22900B7A100532DF7 /* Resources */,
			);
			buildRules = (
			);
			dependencies = (
				49C262B62900B7A100532DF7 /* PBXTargetDependency */,
			);
			name = InspecTests;
			productName = InspecTests;
			productReference = 49C262B42900B7A100532DF7 /* InspecTests.xctest */;
			productType = "com.apple.product-type.bundle.unit-test";
		};
		49C262BD2900B7A100532DF7 /* InspecUITests */ = {
			isa = PBXNativeTarget;
			buildConfigurationList = 49C262CE2900B7A100532DF7 /* Build configuration list for PBXNativeTarget "InspecUITests" */;
			buildPhases = (
				49C262BA2900B7A100532DF7 /* Sources */,
				49C262BB2900B7A100532DF7 /* Frameworks */,
				49C262BC2900B7A100532DF7 /* Resources */,
			);
			buildRules = (
			);
			dependencies = (
				49C262C02900B7A100532DF7 /* PBXTargetDependency */,
			);
			name = InspecUITests;
			productName = InspecUITests;
			productReference = 49C262BE2900B7A100532DF7 /* InspecUITests.xctest */;
			productType = "com.apple.product-type.bundle.ui-testing";
		};
/* End PBXNativeTarget section */

/* Begin PBXProject section */
		49C262972900B79E00532DF7 /* Project object */ = {
			isa = PBXProject;
			attributes = {
				BuildIndependentTargetsInParallel = 1;
				LastSwiftUpdateCheck = 1400;
				LastUpgradeCheck = 1400;
				TargetAttributes = {
					49C2629E2900B79E00532DF7 = {
						CreatedOnToolsVersion = 14.0.1;
					};
					49C262B32900B7A100532DF7 = {
						CreatedOnToolsVersion = 14.0.1;
						TestTargetID = 49C2629E2900B79E00532DF7;
					};
					49C262BD2900B7A100532DF7 = {
						CreatedOnToolsVersion = 14.0.1;
						TestTargetID = 49C2629E2900B79E00532DF7;
					};
				};
			};
			buildConfigurationList = 49C2629A2900B79E00532DF7 /* Build configuration list for PBXProject "Inspec" */;
			compatibilityVersion = "Xcode 14.0";
			developmentRegion = en;
			hasScannedForEncodings = 0;
			knownRegions = (
				en,
				Base,
			);
			mainGroup = 49C262962900B79E00532DF7;
			productRefGroup = 49C262A02900B79E00532DF7 /* Products */;
			projectDirPath = "";
			projectRoot = "";
			targets = (
				49C2629E2900B79E00532DF7 /* Inspec */,
				49C262B32900B7A100532DF7 /* InspecTests */,
				49C262BD2900B7A100532DF7 /* InspecUITests */,
			);
		};
/* End PBXProject section */

/* Begin PBXResourcesBuildPhase section */
		49C2629D2900B79E00532DF7 /* Resources */ = {
			isa = PBXResourcesBuildPhase;
			buildActionMask = 2147483647;
			files = (
				49C262AA2900B7A100532DF7 /* Preview Assets.xcassets in Resources */,
				49C262A72900B7A100532DF7 /* Assets.xcassets in Resources */,
			);
			runOnlyForDeploymentPostprocessing = 0;
		};
		49C262B22900B7A100532DF7 /* Resources */ = {
			isa = PBXResourcesBuildPhase;
			buildActionMask = 2147483647;
			files = (
			);
			runOnlyForDeploymentPostprocessing = 0;
		};
		49C262BC2900B7A100532DF7 /* Resources */ = {
			isa = PBXResourcesBuildPhase;
			buildActionMask = 2147483647;
			files = (
			);
			runOnlyForDeploymentPostprocessing = 0;
		};
/* End PBXResourcesBuildPhase section */

/* Begin PBXSourcesBuildPhase section */
		49C2629B2900B79E00532DF7 /* Sources */ = {
			isa = PBXSourcesBuildPhase;
			buildActionMask = 2147483647;
			files = (
				49C262AC2900B7A100532DF7 /* Persistence.swift in Sources */,
				49C262AF2900B7A100532DF7 /* Inspec.xcdatamodeld in Sources */,
				49C262A52900B79E00532DF7 /* ContentView.swift in Sources */,
				49C262A32900B79E00532DF7 /* InspecApp.swift in Sources */,
			);
			runOnlyForDeploymentPostprocessing = 0;
		};
		49C262B02900B7A100532DF7 /* Sources */ = {
			isa = PBXSourcesBuildPhase;
			buildActionMask = 2147483647;
			files = (
				49C262B92900B7A100532DF7 /* InspecTests.swift in Sources */,
			);
			runOnlyForDeploymentPostprocessing = 0;
		};
		49C262BA2900B7A100532DF7 /* Sources */ = {
			isa = PBXSourcesBuildPhase;
			buildActionMask = 2147483647;
			files = (
				49C262C52900B7A100532DF7 /* InspecUITestsLaunchTests.swift in Sources */,
				49C262C32900B7A100532DF7 /* InspecUITests.swift in Sources */,
			);
			runOnlyForDeploymentPostprocessing = 0;
		};
/* End PBXSourcesBuildPhase section */

/* Begin PBXTargetDependency section */
		49C262B62900B7A100532DF7 /* PBXTargetDependency */ = {
			isa = PBXTargetDependency;
			target = 49C2629E2900B79E00532DF7 /* Inspec */;
			targetProxy = 49C262B52900B7A100532DF7 /* PBXContainerItemProxy */;
		};
		49C262C02900B7A100532DF7 /* PBXTargetDependency */ = {
			isa = PBXTargetDependency;
			target = 49C2629E2900B79E00532DF7 /* Inspec */;
			targetProxy = 49C262BF2900B7A100532DF7 /* PBXContainerItemProxy */;
		};
/* End PBXTargetDependency section */

/* Begin XCBuildConfiguration section */
		49C262C62900B7A100532DF7 /* Debug */ = {
			isa = XCBuildConfiguration;
			buildSettings = {
				ALWAYS_SEARCH_USER_PATHS = NO;
				CLANG_ANALYZER_NONNULL = YES;
				CLANG_ANALYZER_NUMBER_OBJECT_CONVERSION = YES_AGGRESSIVE;
				CLANG_CXX_LANGUAGE_STANDARD = "gnu++20";
				CLANG_ENABLE_MODULES = YES;
				CLANG_ENABLE_OBJC_ARC = YES;
				CLANG_ENABLE_OBJC_WEAK = YES;
				CLANG_WARN_BLOCK_CAPTURE_AUTORELEASING = YES;
				CLANG_WARN_BOOL_CONVERSION = YES;
				CLANG_WARN_COMMA = YES;
				CLANG_WARN_CONSTANT_CONVERSION = YES;
				CLANG_WARN_DEPRECATED_OBJC_IMPLEMENTATIONS = YES;
				CLANG_WARN_DIRECT_OBJC_ISA_USAGE = YES_ERROR;
				CLANG_WARN_DOCUMENTATION_COMMENTS = YES;
				CLANG_WARN_EMPTY_BODY = YES;
				CLANG_WARN_ENUM_CONVERSION = YES;
				CLANG_WARN_INFINITE_RECURSION = YES;
				CLANG_WARN_INT_CONVERSION = YES;
				CLANG_WARN_NON_LITERAL_NULL_CONVERSION = YES;
				CLANG_WARN_OBJC_IMPLICIT_RETAIN_SELF = YES;
				CLANG_WARN_OBJC_LITERAL_CONVERSION = YES;
				CLANG_WARN_OBJC_ROOT_CLASS = YES_ERROR;
				CLANG_WARN_QUOTED_INCLUDE_IN_FRAMEWORK_HEADER = YES;
				CLANG_WARN_RANGE_LOOP_ANALYSIS = YES;
				CLANG_WARN_STRICT_PROTOTYPES = YES;
				CLANG_WARN_SUSPICIOUS_MOVE = YES;
				CLANG_WARN_UNGUARDED_AVAILABILITY = YES_AGGRESSIVE;
				CLANG_WARN_UNREACHABLE_CODE = YES;
				CLANG_WARN__DUPLICATE_METHOD_MATCH = YES;
				COPY_PHASE_STRIP = NO;
				DEBUG_INFORMATION_FORMAT = dwarf;
				ENABLE_STRICT_OBJC_MSGSEND = YES;
				ENABLE_TESTABILITY = YES;
				GCC_C_LANGUAGE_STANDARD = gnu11;
				GCC_DYNAMIC_NO_PIC = NO;
				GCC_NO_COMMON_BLOCKS = YES;
				GCC_OPTIMIZATION_LEVEL = 0;
				GCC_PREPROCESSOR_DEFINITIONS = (
					"DEBUG=1",
					"$(inherited)",
				);
				GCC_WARN_64_TO_32_BIT_CONVERSION = YES;
				GCC_WARN_ABOUT_RETURN_TYPE = YES_ERROR;
				GCC_WARN_UNDECLARED_SELECTOR = YES;
				GCC_WARN_UNINITIALIZED_AUTOS = YES_AGGRESSIVE;
				GCC_WARN_UNUSED_FUNCTION = YES;
				GCC_WARN_UNUSED_VARIABLE = YES;
				IPHONEOS_DEPLOYMENT_TARGET = 16.0;
				MTL_ENABLE_DEBUG_INFO = INCLUDE_SOURCE;
				MTL_FAST_MATH = YES;
				ONLY_ACTIVE_ARCH = YES;
				SDKROOT = iphoneos;
				SWIFT_ACTIVE_COMPILATION_CONDITIONS = DEBUG;
				SWIFT_OPTIMIZATION_LEVEL = "-Onone";
			};
			name = Debug;
		};
		49C262C72900B7A100532DF7 /* Release */ = {
			isa = XCBuildConfiguration;
			buildSettings = {
				ALWAYS_SEARCH_USER_PATHS = NO;
				CLANG_ANALYZER_NONNULL = YES;
				CLANG_ANALYZER_NUMBER_OBJECT_CONVERSION = YES_AGGRESSIVE;
				CLANG_CXX_LANGUAGE_STANDARD = "gnu++20";
				CLANG_ENABLE_MODULES = YES;
				CLANG_ENABLE_OBJC_ARC = YES;
				CLANG_ENABLE_OBJC_WEAK = YES;
				CLANG_WARN_BLOCK_CAPTURE_AUTORELEASING = YES;
				CLANG_WARN_BOOL_CONVERSION = YES;
				CLANG_WARN_COMMA = YES;
				CLANG_WARN_CONSTANT_CONVERSION = YES;
				CLANG_WARN_DEPRECATED_OBJC_IMPLEMENTATIONS = YES;
				CLANG_WARN_DIRECT_OBJC_ISA_USAGE = YES_ERROR;
				CLANG_WARN_DOCUMENTATION_COMMENTS = YES;
				CLANG_WARN_EMPTY_BODY = YES;
				CLANG_WARN_ENUM_CONVERSION = YES;
				CLANG_WARN_INFINITE_RECURSION = YES;
				CLANG_WARN_INT_CONVERSION = YES;
				CLANG_WARN_NON_LITERAL_NULL_CONVERSION = YES;
				CLANG_WARN_OBJC_IMPLICIT_RETAIN_SELF = YES;
				CLANG_WARN_OBJC_LITERAL_CONVERSION = YES;
				CLANG_WARN_OBJC_ROOT_CLASS = YES_ERROR;
				CLANG_WARN_QUOTED_INCLUDE_IN_FRAMEWORK_HEADER = YES;
				CLANG_WARN_RANGE_LOOP_ANALYSIS = YES;
				CLANG_WARN_STRICT_PROTOTYPES = YES;
				CLANG_WARN_SUSPICIOUS_MOVE = YES;
				CLANG_WARN_UNGUARDED_AVAILABILITY = YES_AGGRESSIVE;
				CLANG_WARN_UNREACHABLE_CODE = YES;
				CLANG_WARN__DUPLICATE_METHOD_MATCH = YES;
				COPY_PHASE_STRIP = NO;
				DEBUG_INFORMATION_FORMAT = "dwarf-with-dsym";
				ENABLE_NS_ASSERTIONS = NO;
				ENABLE_STRICT_OBJC_MSGSEND = YES;
				GCC_C_LANGUAGE_STANDARD = gnu11;
				GCC_NO_COMMON_BLOCKS = YES;
				GCC_WARN_64_TO_32_BIT_CONVERSION = YES;
				GCC_WARN_ABOUT_RETURN_TYPE = YES_ERROR;
				GCC_WARN_UNDECLARED_SELECTOR = YES;
				GCC_WARN_UNINITIALIZED_AUTOS = YES_AGGRESSIVE;
				GCC_WARN_UNUSED_FUNCTION = YES;
				GCC_WARN_UNUSED_VARIABLE = YES;
				IPHONEOS_DEPLOYMENT_TARGET = 16.0;
				MTL_ENABLE_DEBUG_INFO = NO;
				MTL_FAST_MATH = YES;
				SDKROOT = iphoneos;
				SWIFT_COMPILATION_MODE = wholemodule;
				SWIFT_OPTIMIZATION_LEVEL = "-O";
				VALIDATE_PRODUCT = YES;
			};
			name = Release;
		};
		49C262C92900B7A100532DF7 /* Debug */ = {
			isa = XCBuildConfiguration;
			buildSettings = {
				ASSETCATALOG_COMPILER_APPICON_NAME = AppIcon;
				ASSETCATALOG_COMPILER_GLOBAL_ACCENT_COLOR_NAME = AccentColor;
				CODE_SIGN_STYLE = Automatic;
				CURRENT_PROJECT_VERSION = 1;
				DEVELOPMENT_ASSET_PATHS = "\"Inspec/Preview Content\"";
				DEVELOPMENT_TEAM = 2JMR3SJGS4;
				ENABLE_PREVIEWS = YES;
				GENERATE_INFOPLIST_FILE = YES;
				INFOPLIST_KEY_UIApplicationSceneManifest_Generation = YES;
				INFOPLIST_KEY_UIApplicationSupportsIndirectInputEvents = YES;
				INFOPLIST_KEY_UILaunchScreen_Generation = YES;
				INFOPLIST_KEY_UISupportedInterfaceOrientations_iPad = "UIInterfaceOrientationPortrait UIInterfaceOrientationPortraitUpsideDown UIInterfaceOrientationLandscapeLeft UIInterfaceOrientationLandscapeRight";
				INFOPLIST_KEY_UISupportedInterfaceOrientations_iPhone = "UIInterfaceOrientationPortrait UIInterfaceOrientationLandscapeLeft UIInterfaceOrientationLandscapeRight";
				LD_RUNPATH_SEARCH_PATHS = (
					"$(inherited)",
					"@executable_path/Frameworks",
				);
				MARKETING_VERSION = 1.0;
				PRODUCT_BUNDLE_IDENTIFIER = com.Inspec;
				PRODUCT_NAME = "$(TARGET_NAME)";
				SWIFT_EMIT_LOC_STRINGS = YES;
				SWIFT_VERSION = 5.0;
				TARGETED_DEVICE_FAMILY = "1,2";
			};
			name = Debug;
		};
		49C262CA2900B7A100532DF7 /* Release */ = {
			isa = XCBuildConfiguration;
			buildSettings = {
				ASSETCATALOG_COMPILER_APPICON_NAME = AppIcon;
				ASSETCATALOG_COMPILER_GLOBAL_ACCENT_COLOR_NAME = AccentColor;
				CODE_SIGN_STYLE = Automatic;
				CURRENT_PROJECT_VERSION = 1;
				DEVELOPMENT_ASSET_PATHS = "\"Inspec/Preview Content\"";
				DEVELOPMENT_TEAM = 2JMR3SJGS4;
				ENABLE_PREVIEWS = YES;
				GENERATE_INFOPLIST_FILE = YES;
				INFOPLIST_KEY_UIApplicationSceneManifest_Generation = YES;
				INFOPLIST_KEY_UIApplicationSupportsIndirectInputEvents = YES;
				INFOPLIST_KEY_UILaunchScreen_Generation = YES;
				INFOPLIST_KEY_UISupportedInterfaceOrientations_iPad = "UIInterfaceOrientationPortrait UIInterfaceOrientationPortraitUpsideDown UIInterfaceOrientationLandscapeLeft UIInterfaceOrientationLandscapeRight";
				INFOPLIST_KEY_UISupportedInterfaceOrientations_iPhone = "UIInterfaceOrientationPortrait UIInterfaceOrientationLandscapeLeft UIInterfaceOrientationLandscapeRight";
				LD_RUNPATH_SEARCH_PATHS = (
					"$(inherited)",
					"@executable_path/Frameworks",
				);
				MARKETING_VERSION = 1.0;
				PRODUCT_BUNDLE_IDENTIFIER = com.Inspec;
				PRODUCT_NAME = "$(TARGET_NAME)";
				SWIFT_EMIT_LOC_STRINGS = YES;
				SWIFT_VERSION = 5.0;
				TARGETED_DEVICE_FAMILY = "1,2";
			};
			name = Release;
		};
		49C262CC2900B7A100532DF7 /* Debug */ = {
			isa = XCBuildConfiguration;
			buildSettings = {
				ALWAYS_EMBED_SWIFT_STANDARD_LIBRARIES = YES;
				BUNDLE_LOADER = "$(TEST_HOST)";
				CODE_SIGN_STYLE = Automatic;
				CURRENT_PROJECT_VERSION = 1;
				DEVELOPMENT_TEAM = 2JMR3SJGS4;
				GENERATE_INFOPLIST_FILE = YES;
				IPHONEOS_DEPLOYMENT_TARGET = 16.0;
				MARKETING_VERSION = 1.0;
				PRODUCT_BUNDLE_IDENTIFIER = com.InspecTests;
				PRODUCT_NAME = "$(TARGET_NAME)";
				SWIFT_EMIT_LOC_STRINGS = NO;
				SWIFT_VERSION = 5.0;
				TARGETED_DEVICE_FAMILY = "1,2";
				TEST_HOST = "$(BUILT_PRODUCTS_DIR)/Inspec.app/$(BUNDLE_EXECUTABLE_FOLDER_PATH)/Inspec";
			};
			name = Debug;
		};
		49C262CD2900B7A100532DF7 /* Release */ = {
			isa = XCBuildConfiguration;
			buildSettings = {
				ALWAYS_EMBED_SWIFT_STANDARD_LIBRARIES = YES;
				BUNDLE_LOADER = "$(TEST_HOST)";
				CODE_SIGN_STYLE = Automatic;
				CURRENT_PROJECT_VERSION = 1;
				DEVELOPMENT_TEAM = 2JMR3SJGS4;
				GENERATE_INFOPLIST_FILE = YES;
				IPHONEOS_DEPLOYMENT_TARGET = 16.0;
				MARKETING_VERSION = 1.0;
				PRODUCT_BUNDLE_IDENTIFIER = com.InspecTests;
				PRODUCT_NAME = "$(TARGET_NAME)";
				SWIFT_EMIT_LOC_STRINGS = NO;
				SWIFT_VERSION = 5.0;
				TARGETED_DEVICE_FAMILY = "1,2";
				TEST_HOST = "$(BUILT_PRODUCTS_DIR)/Inspec.app/$(BUNDLE_EXECUTABLE_FOLDER_PATH)/Inspec";
			};
			name = Release;
		};
		49C262CF2900B7A100532DF7 /* Debug */ = {
			isa = XCBuildConfiguration;
			buildSettings = {
				ALWAYS_EMBED_SWIFT_STANDARD_LIBRARIES = YES;
				CODE_SIGN_STYLE = Automatic;
				CURRENT_PROJECT_VERSION = 1;
				DEVELOPMENT_TEAM = 2JMR3SJGS4;
				GENERATE_INFOPLIST_FILE = YES;
				MARKETING_VERSION = 1.0;
				PRODUCT_BUNDLE_IDENTIFIER = com.InspecUITests;
				PRODUCT_NAME = "$(TARGET_NAME)";
				SWIFT_EMIT_LOC_STRINGS = NO;
				SWIFT_VERSION = 5.0;
				TARGETED_DEVICE_FAMILY = "1,2";
				TEST_TARGET_NAME = Inspec;
			};
			name = Debug;
		};
		49C262D02900B7A100532DF7 /* Release */ = {
			isa = XCBuildConfiguration;
			buildSettings = {
				ALWAYS_EMBED_SWIFT_STANDARD_LIBRARIES = YES;
				CODE_SIGN_STYLE = Automatic;
				CURRENT_PROJECT_VERSION = 1;
				DEVELOPMENT_TEAM = 2JMR3SJGS4;
				GENERATE_INFOPLIST_FILE = YES;
				MARKETING_VERSION = 1.0;
				PRODUCT_BUNDLE_IDENTIFIER = com.InspecUITests;
				PRODUCT_NAME = "$(TARGET_NAME)";
				SWIFT_EMIT_LOC_STRINGS = NO;
				SWIFT_VERSION = 5.0;
				TARGETED_DEVICE_FAMILY = "1,2";
				TEST_TARGET_NAME = Inspec;
			};
			name = Release;
		};
/* End XCBuildConfiguration section */

/* Begin XCConfigurationList section */
		49C2629A2900B79E00532DF7 /* Build configuration list for PBXProject "Inspec" */ = {
			isa = XCConfigurationList;
			buildConfigurations = (
				49C262C62900B7A100532DF7 /* Debug */,
				49C262C72900B7A100532DF7 /* Release */,
			);
			defaultConfigurationIsVisible = 0;
			defaultConfigurationName = Release;
		};
		49C262C82900B7A100532DF7 /* Build configuration list for PBXNativeTarget "Inspec" */ = {
			isa = XCConfigurationList;
			buildConfigurations = (
				49C262C92900B7A100532DF7 /* Debug */,
				49C262CA2900B7A100532DF7 /* Release */,
			);
			defaultConfigurationIsVisible = 0;
			defaultConfigurationName = Release;
		};
		49C262CB2900B7A100532DF7 /* Build configuration list for PBXNativeTarget "InspecTests" */ = {
			isa = XCConfigurationList;
			buildConfigurations = (
				49C262CC2900B7A100532DF7 /* Debug */,
				49C262CD2900B7A100532DF7 /* Release */,
			);
			defaultConfigurationIsVisible = 0;
			defaultConfigurationName = Release;
		};
		49C262CE2900B7A100532DF7 /* Build configuration list for PBXNativeTarget "InspecUITests" */ = {
			isa = XCConfigurationList;
			buildConfigurations = (
				49C262CF2900B7A100532DF7 /* Debug */,
				49C262D02900B7A100532DF7 /* Release */,
			);
			defaultConfigurationIsVisible = 0;
			defaultConfigurationName = Release;
		};
/* End XCConfigurationList section */

/* Begin XCVersionGroup section */
		49C262AD2900B7A100532DF7 /* Inspec.xcdatamodeld */ = {
			isa = XCVersionGroup;
			children = (
				49C262AE2900B7A100532DF7 /* Inspec.xcdatamodel */,
			);
			currentVersion = 49C262AE2900B7A100532DF7 /* Inspec.xcdatamodel */;
			path = Inspec.xcdatamodeld;
			sourceTree = "<group>";
			versionGroupType = wrapper.xcdatamodel;
		};
/* End XCVersionGroup section */
	};
	rootObject = 49C262972900B79E00532DF7 /* Project object */;
}
